// !$*UTF8*$!
{
	archiveVersion = 1;
	classes = {
	};
	objectVersion = 46;
	objects = {

/* Begin PBXBuildFile section */
		25DA539AFF8692A8E08944C8 /* Pods_MOBCore_iOS.framework in Frameworks */ = {isa = PBXBuildFile; fileRef = C09402D20CD6789A5545375D /* Pods_MOBCore_iOS.framework */; };
		27F8D45E6086B70B5E061168 /* Pods_MOBCore_WatchOS.framework in Frameworks */ = {isa = PBXBuildFile; fileRef = 2B8F0FE66E16B47CA822592B /* Pods_MOBCore_WatchOS.framework */; };
		7456CDDDDBF221CA72953DB1 /* Pods_MOBCore_Watch.framework in Frameworks */ = {isa = PBXBuildFile; fileRef = C3F6E91C305B8D585657638A /* Pods_MOBCore_Watch.framework */; };
		960C9BE51E03C67600DB9484 /* UIKit.framework in Frameworks */ = {isa = PBXBuildFile; fileRef = 960C9BE41E03C67600DB9484 /* UIKit.framework */; };
		960C9BEB1E03C69900DB9484 /* UIKit.framework in Frameworks */ = {isa = PBXBuildFile; fileRef = 960C9BEA1E03C69900DB9484 /* UIKit.framework */; };
		96C2855E1E076EFF00481834 /* Info-watch.plist in Resources */ = {isa = PBXBuildFile; fileRef = 96C285521E076EFF00481834 /* Info-watch.plist */; };
		96C2855F1E076EFF00481834 /* Info-watch.plist in Resources */ = {isa = PBXBuildFile; fileRef = 96C285521E076EFF00481834 /* Info-watch.plist */; };
		96C285601E076EFF00481834 /* Info.plist in Resources */ = {isa = PBXBuildFile; fileRef = 96C285531E076EFF00481834 /* Info.plist */; };
		96C285611E076EFF00481834 /* Info.plist in Resources */ = {isa = PBXBuildFile; fileRef = 96C285531E076EFF00481834 /* Info.plist */; };
		96C285641E076EFF00481834 /* MOBCore.h in Headers */ = {isa = PBXBuildFile; fileRef = 96C285551E076EFF00481834 /* MOBCore.h */; };
		96C285651E076EFF00481834 /* MOBCore.h in Headers */ = {isa = PBXBuildFile; fileRef = 96C285551E076EFF00481834 /* MOBCore.h */; };
		96C285721E076EFF00481834 /* MOBReview.swift in Sources */ = {isa = PBXBuildFile; fileRef = 96C2855D1E076EFF00481834 /* MOBReview.swift */; };
/* End PBXBuildFile section */

/* Begin PBXContainerItemProxy section */
		960C9BE21E03C65900DB9484 /* PBXContainerItemProxy */ = {
			isa = PBXContainerItemProxy;
			containerPortal = 960C9BCF1E03C65800DB9484 /* Pods.xcodeproj */;
			proxyType = 2;
			remoteGlobalIDString = 157B208CB13B2315058F92E054A041D6;
			remoteInfo = "Pods-MOBCore_iOS";
		};
		96C285391E076B3B00481834 /* PBXContainerItemProxy */ = {
			isa = PBXContainerItemProxy;
			containerPortal = 960C9BCF1E03C65800DB9484 /* Pods.xcodeproj */;
			proxyType = 2;
			remoteGlobalIDString = 501CD96DE23EFACC038CF45B299DD413;
			remoteInfo = "Pods-MOBCore_WatchOS";
		};
/* End PBXContainerItemProxy section */

/* Begin PBXFileReference section */
		043C62C1B32A08ED112B93E3 /* Pods_MOBCore_Extension.framework */ = {isa = PBXFileReference; explicitFileType = wrapper.framework; includeInIndex = 0; path = Pods_MOBCore_Extension.framework; sourceTree = BUILT_PRODUCTS_DIR; };
		091AAAE238FC4640326C5A66 /* Pods-MOBCore_iOS.debug.xcconfig */ = {isa = PBXFileReference; includeInIndex = 1; lastKnownFileType = text.xcconfig; name = "Pods-MOBCore_iOS.debug.xcconfig"; path = "Pods/Target Support Files/Pods-MOBCore_iOS/Pods-MOBCore_iOS.debug.xcconfig"; sourceTree = "<group>"; };
		0FC4ED9B43B17D5C278215FA /* Pods-MOBCore Watch.release.xcconfig */ = {isa = PBXFileReference; includeInIndex = 1; lastKnownFileType = text.xcconfig; name = "Pods-MOBCore Watch.release.xcconfig"; path = "Pods/Target Support Files/Pods-MOBCore Watch/Pods-MOBCore Watch.release.xcconfig"; sourceTree = "<group>"; };
		1E689A7C1C86AAF20027BEA1 /* Info.plist */ = {isa = PBXFileReference; fileEncoding = 4; lastKnownFileType = text.plist.xml; name = Info.plist; path = Sources/Info.plist; sourceTree = SOURCE_ROOT; };
		1EAFA0D81B6039D5001F3D84 /* MOBReview_iOS.framework */ = {isa = PBXFileReference; explicitFileType = wrapper.framework; includeInIndex = 0; path = MOBReview_iOS.framework; sourceTree = BUILT_PRODUCTS_DIR; };
		2B8F0FE66E16B47CA822592B /* Pods_MOBCore_WatchOS.framework */ = {isa = PBXFileReference; explicitFileType = wrapper.framework; includeInIndex = 0; path = Pods_MOBCore_WatchOS.framework; sourceTree = BUILT_PRODUCTS_DIR; };
		37D07EEA3632BCB84C45AABA /* Pods-MOBCore_WatchOS.release.xcconfig */ = {isa = PBXFileReference; includeInIndex = 1; lastKnownFileType = text.xcconfig; name = "Pods-MOBCore_WatchOS.release.xcconfig"; path = "Pods/Target Support Files/Pods-MOBCore_WatchOS/Pods-MOBCore_WatchOS.release.xcconfig"; sourceTree = "<group>"; };
		6FF0981C502F11A9AF693738 /* Pods-MOBCore_WatchOS.debug.xcconfig */ = {isa = PBXFileReference; includeInIndex = 1; lastKnownFileType = text.xcconfig; name = "Pods-MOBCore_WatchOS.debug.xcconfig"; path = "Pods/Target Support Files/Pods-MOBCore_WatchOS/Pods-MOBCore_WatchOS.debug.xcconfig"; sourceTree = "<group>"; };
		947FBAAA3CD6688686DF430F /* Pods-MOBCore_Extension.release.xcconfig */ = {isa = PBXFileReference; includeInIndex = 1; lastKnownFileType = text.xcconfig; name = "Pods-MOBCore_Extension.release.xcconfig"; path = "Pods/Target Support Files/Pods-MOBCore_Extension/Pods-MOBCore_Extension.release.xcconfig"; sourceTree = "<group>"; };
		960C9BBC1E03BFAB00DB9484 /* MOBReview_WatchOS.framework */ = {isa = PBXFileReference; explicitFileType = wrapper.framework; includeInIndex = 0; path = MOBReview_WatchOS.framework; sourceTree = BUILT_PRODUCTS_DIR; };
		960C9BCF1E03C65800DB9484 /* Pods.xcodeproj */ = {isa = PBXFileReference; lastKnownFileType = "wrapper.pb-project"; name = Pods.xcodeproj; path = Pods/Pods.xcodeproj; sourceTree = "<group>"; };
		960C9BE41E03C67600DB9484 /* UIKit.framework */ = {isa = PBXFileReference; lastKnownFileType = wrapper.framework; name = UIKit.framework; path = System/Library/Frameworks/UIKit.framework; sourceTree = SDKROOT; };
		960C9BEA1E03C69900DB9484 /* UIKit.framework */ = {isa = PBXFileReference; lastKnownFileType = wrapper.framework; name = UIKit.framework; path = Platforms/WatchOS.platform/Developer/SDKs/WatchOS3.1.sdk/System/Library/Frameworks/UIKit.framework; sourceTree = DEVELOPER_DIR; };
		96C2853C1E076C2C00481834 /* Info-watch.plist */ = {isa = PBXFileReference; lastKnownFileType = text.plist.xml; name = "Info-watch.plist"; path = "Sources/Info-watch.plist"; sourceTree = SOURCE_ROOT; };
		96C285521E076EFF00481834 /* Info-watch.plist */ = {isa = PBXFileReference; fileEncoding = 4; lastKnownFileType = text.plist.xml; path = "Info-watch.plist"; sourceTree = "<group>"; };
		96C285531E076EFF00481834 /* Info.plist */ = {isa = PBXFileReference; fileEncoding = 4; lastKnownFileType = text.plist.xml; path = Info.plist; sourceTree = "<group>"; };
		96C285551E076EFF00481834 /* MOBCore.h */ = {isa = PBXFileReference; fileEncoding = 4; lastKnownFileType = sourcecode.c.h; path = MOBCore.h; sourceTree = "<group>"; };
		96C2855D1E076EFF00481834 /* MOBReview.swift */ = {isa = PBXFileReference; fileEncoding = 4; lastKnownFileType = sourcecode.swift; path = MOBReview.swift; sourceTree = "<group>"; };
		ADDDC7AAFA454E0199F87B50 /* Pods-MOBCore_iOS.release.xcconfig */ = {isa = PBXFileReference; includeInIndex = 1; lastKnownFileType = text.xcconfig; name = "Pods-MOBCore_iOS.release.xcconfig"; path = "Pods/Target Support Files/Pods-MOBCore_iOS/Pods-MOBCore_iOS.release.xcconfig"; sourceTree = "<group>"; };
		C09402D20CD6789A5545375D /* Pods_MOBCore_iOS.framework */ = {isa = PBXFileReference; explicitFileType = wrapper.framework; includeInIndex = 0; path = Pods_MOBCore_iOS.framework; sourceTree = BUILT_PRODUCTS_DIR; };
		C3F6E91C305B8D585657638A /* Pods_MOBCore_Watch.framework */ = {isa = PBXFileReference; explicitFileType = wrapper.framework; includeInIndex = 0; path = Pods_MOBCore_Watch.framework; sourceTree = BUILT_PRODUCTS_DIR; };
		CB8B38EA8B75F11E6D487B09 /* Pods-MOBCore_Extension.debug.xcconfig */ = {isa = PBXFileReference; includeInIndex = 1; lastKnownFileType = text.xcconfig; name = "Pods-MOBCore_Extension.debug.xcconfig"; path = "Pods/Target Support Files/Pods-MOBCore_Extension/Pods-MOBCore_Extension.debug.xcconfig"; sourceTree = "<group>"; };
		CC6909D5833F3E3862762AF9 /* Pods-MOBCore Watch.debug.xcconfig */ = {isa = PBXFileReference; includeInIndex = 1; lastKnownFileType = text.xcconfig; name = "Pods-MOBCore Watch.debug.xcconfig"; path = "Pods/Target Support Files/Pods-MOBCore Watch/Pods-MOBCore Watch.debug.xcconfig"; sourceTree = "<group>"; };
/* End PBXFileReference section */

/* Begin PBXFrameworksBuildPhase section */
		1EAFA0D41B6039D5001F3D84 /* Frameworks */ = {
			isa = PBXFrameworksBuildPhase;
			buildActionMask = 2147483647;
			files = (
				960C9BE51E03C67600DB9484 /* UIKit.framework in Frameworks */,
				25DA539AFF8692A8E08944C8 /* Pods_MOBCore_iOS.framework in Frameworks */,
			);
			runOnlyForDeploymentPostprocessing = 0;
		};
		960C9BB81E03BFAB00DB9484 /* Frameworks */ = {
			isa = PBXFrameworksBuildPhase;
			buildActionMask = 2147483647;
			files = (
				960C9BEB1E03C69900DB9484 /* UIKit.framework in Frameworks */,
				7456CDDDDBF221CA72953DB1 /* Pods_MOBCore_Watch.framework in Frameworks */,
				27F8D45E6086B70B5E061168 /* Pods_MOBCore_WatchOS.framework in Frameworks */,
			);
			runOnlyForDeploymentPostprocessing = 0;
		};
/* End PBXFrameworksBuildPhase section */

/* Begin PBXGroup section */
		1EAFA0CE1B6039D5001F3D84 = {
			isa = PBXGroup;
			children = (
				960C9BCF1E03C65800DB9484 /* Pods.xcodeproj */,
				96C285511E076EFF00481834 /* Sources */,
				96C2855B1E076EFF00481834 /* Sources-iOS-only */,
				1EAFA0DB1B6039D5001F3D84 /* Supporting Files */,
				1EAFA0D91B6039D5001F3D84 /* Products */,
				97D67C33FC933CC0C4422253 /* Frameworks */,
				6BF7A103C2D76131A49BD181 /* Pods */,
			);
			sourceTree = "<group>";
		};
		1EAFA0D91B6039D5001F3D84 /* Products */ = {
			isa = PBXGroup;
			children = (
				1EAFA0D81B6039D5001F3D84 /* MOBReview_iOS.framework */,
				960C9BBC1E03BFAB00DB9484 /* MOBReview_WatchOS.framework */,
			);
			name = Products;
			sourceTree = "<group>";
		};
		1EAFA0DB1B6039D5001F3D84 /* Supporting Files */ = {
			isa = PBXGroup;
			children = (
				1E689A7C1C86AAF20027BEA1 /* Info.plist */,
				96C2853C1E076C2C00481834 /* Info-watch.plist */,
			);
			name = "Supporting Files";
			path = Kanna;
			sourceTree = "<group>";
		};
		6BF7A103C2D76131A49BD181 /* Pods */ = {
			isa = PBXGroup;
			children = (
				CC6909D5833F3E3862762AF9 /* Pods-MOBCore Watch.debug.xcconfig */,
				0FC4ED9B43B17D5C278215FA /* Pods-MOBCore Watch.release.xcconfig */,
				091AAAE238FC4640326C5A66 /* Pods-MOBCore_iOS.debug.xcconfig */,
				ADDDC7AAFA454E0199F87B50 /* Pods-MOBCore_iOS.release.xcconfig */,
				CB8B38EA8B75F11E6D487B09 /* Pods-MOBCore_Extension.debug.xcconfig */,
				947FBAAA3CD6688686DF430F /* Pods-MOBCore_Extension.release.xcconfig */,
				6FF0981C502F11A9AF693738 /* Pods-MOBCore_WatchOS.debug.xcconfig */,
				37D07EEA3632BCB84C45AABA /* Pods-MOBCore_WatchOS.release.xcconfig */,
			);
			name = Pods;
			sourceTree = "<group>";
		};
		960C9BD01E03C65800DB9484 /* Products */ = {
			isa = PBXGroup;
			children = (
				960C9BE31E03C65900DB9484 /* Pods_MOBCore_iOS.framework */,
				96C2853A1E076B3B00481834 /* Pods_MOBCore_WatchOS.framework */,
			);
			name = Products;
			sourceTree = "<group>";
		};
		96C285511E076EFF00481834 /* Sources */ = {
			isa = PBXGroup;
			children = (
				96C285521E076EFF00481834 /* Info-watch.plist */,
				96C285531E076EFF00481834 /* Info.plist */,
				96C285551E076EFF00481834 /* MOBCore.h */,
			);
			path = Sources;
			sourceTree = "<group>";
		};
		96C2855B1E076EFF00481834 /* Sources-iOS-only */ = {
			isa = PBXGroup;
			children = (
				96C2855D1E076EFF00481834 /* MOBReview.swift */,
			);
			path = "Sources-iOS-only";
			sourceTree = "<group>";
		};
		97D67C33FC933CC0C4422253 /* Frameworks */ = {
			isa = PBXGroup;
			children = (
				960C9BEA1E03C69900DB9484 /* UIKit.framework */,
				960C9BE41E03C67600DB9484 /* UIKit.framework */,
				C3F6E91C305B8D585657638A /* Pods_MOBCore_Watch.framework */,
				C09402D20CD6789A5545375D /* Pods_MOBCore_iOS.framework */,
				043C62C1B32A08ED112B93E3 /* Pods_MOBCore_Extension.framework */,
				2B8F0FE66E16B47CA822592B /* Pods_MOBCore_WatchOS.framework */,
			);
			name = Frameworks;
			sourceTree = "<group>";
		};
/* End PBXGroup section */

/* Begin PBXHeadersBuildPhase section */
		1EAFA0D51B6039D5001F3D84 /* Headers */ = {
			isa = PBXHeadersBuildPhase;
			buildActionMask = 2147483647;
			files = (
				96C285641E076EFF00481834 /* MOBCore.h in Headers */,
			);
			runOnlyForDeploymentPostprocessing = 0;
		};
		960C9BB91E03BFAB00DB9484 /* Headers */ = {
			isa = PBXHeadersBuildPhase;
			buildActionMask = 2147483647;
			files = (
				96C285651E076EFF00481834 /* MOBCore.h in Headers */,
			);
			runOnlyForDeploymentPostprocessing = 0;
		};
/* End PBXHeadersBuildPhase section */

/* Begin PBXNativeTarget section */
		1EAFA0D71B6039D5001F3D84 /* MOBReview_iOS */ = {
			isa = PBXNativeTarget;
			buildConfigurationList = 1EAFA0EE1B6039D5001F3D84 /* Build configuration list for PBXNativeTarget "MOBReview_iOS" */;
			buildPhases = (
				BE8C91D9D54B325E2AABCA3E /* [CP] Check Pods Manifest.lock */,
				1EAFA0D31B6039D5001F3D84 /* Sources */,
				1EAFA0D41B6039D5001F3D84 /* Frameworks */,
				1EAFA0D51B6039D5001F3D84 /* Headers */,
				1EAFA0D61B6039D5001F3D84 /* Resources */,
				1F04BC32C8D1A09A48C1A464 /* [CP] Copy Pods Resources */,
			);
			buildRules = (
			);
			dependencies = (
			);
			name = MOBReview_iOS;
			productName = Kanna;
			productReference = 1EAFA0D81B6039D5001F3D84 /* MOBReview_iOS.framework */;
			productType = "com.apple.product-type.framework";
		};
		960C9BBB1E03BFAB00DB9484 /* MOBReview_WatchOS */ = {
			isa = PBXNativeTarget;
			buildConfigurationList = 960C9BC31E03BFAB00DB9484 /* Build configuration list for PBXNativeTarget "MOBReview_WatchOS" */;
			buildPhases = (
				5CF6C0BE6F91C3334752CAB9 /* [CP] Check Pods Manifest.lock */,
				960C9BB71E03BFAB00DB9484 /* Sources */,
				960C9BB81E03BFAB00DB9484 /* Frameworks */,
				960C9BB91E03BFAB00DB9484 /* Headers */,
				960C9BBA1E03BFAB00DB9484 /* Resources */,
				E8C06FAB2EC06814171E27A4 /* [CP] Copy Pods Resources */,
			);
			buildRules = (
			);
			dependencies = (
			);
			name = MOBReview_WatchOS;
			productName = "MOBCore Watch";
			productReference = 960C9BBC1E03BFAB00DB9484 /* MOBReview_WatchOS.framework */;
			productType = "com.apple.product-type.framework";
		};
/* End PBXNativeTarget section */

/* Begin PBXProject section */
		1EAFA0CF1B6039D5001F3D84 /* Project object */ = {
			isa = PBXProject;
			attributes = {
				LastSwiftUpdateCheck = 0820;
				LastUpgradeCheck = 0810;
				ORGANIZATIONNAME = tid;
				TargetAttributes = {
					1EAFA0D71B6039D5001F3D84 = {
						CreatedOnToolsVersion = 6.4;
						DevelopmentTeam = NKQ4HJ66PX;
						LastSwiftMigration = 0800;
					};
					960C9BBB1E03BFAB00DB9484 = {
						CreatedOnToolsVersion = 8.2;
						DevelopmentTeam = NKQ4HJ66PX;
						ProvisioningStyle = Automatic;
					};
				};
			};
			buildConfigurationList = 1EAFA0D21B6039D5001F3D84 /* Build configuration list for PBXProject "MOBReview" */;
			compatibilityVersion = "Xcode 3.2";
			developmentRegion = English;
			hasScannedForEncodings = 0;
			knownRegions = (
				en,
			);
			mainGroup = 1EAFA0CE1B6039D5001F3D84;
			productRefGroup = 1EAFA0D91B6039D5001F3D84 /* Products */;
			projectDirPath = "";
			projectReferences = (
				{
					ProductGroup = 960C9BD01E03C65800DB9484 /* Products */;
					ProjectRef = 960C9BCF1E03C65800DB9484 /* Pods.xcodeproj */;
				},
			);
			projectRoot = "";
			targets = (
				1EAFA0D71B6039D5001F3D84 /* MOBReview_iOS */,
				960C9BBB1E03BFAB00DB9484 /* MOBReview_WatchOS */,
			);
		};
/* End PBXProject section */

/* Begin PBXReferenceProxy section */
		960C9BE31E03C65900DB9484 /* Pods_MOBCore_iOS.framework */ = {
			isa = PBXReferenceProxy;
			fileType = wrapper.framework;
			path = Pods_MOBCore_iOS.framework;
			remoteRef = 960C9BE21E03C65900DB9484 /* PBXContainerItemProxy */;
			sourceTree = BUILT_PRODUCTS_DIR;
		};
		96C2853A1E076B3B00481834 /* Pods_MOBCore_WatchOS.framework */ = {
			isa = PBXReferenceProxy;
			fileType = wrapper.framework;
			path = Pods_MOBCore_WatchOS.framework;
			remoteRef = 96C285391E076B3B00481834 /* PBXContainerItemProxy */;
			sourceTree = BUILT_PRODUCTS_DIR;
		};
/* End PBXReferenceProxy section */

/* Begin PBXResourcesBuildPhase section */
		1EAFA0D61B6039D5001F3D84 /* Resources */ = {
			isa = PBXResourcesBuildPhase;
			buildActionMask = 2147483647;
			files = (
				96C285601E076EFF00481834 /* Info.plist in Resources */,
				96C2855E1E076EFF00481834 /* Info-watch.plist in Resources */,
			);
			runOnlyForDeploymentPostprocessing = 0;
		};
		960C9BBA1E03BFAB00DB9484 /* Resources */ = {
			isa = PBXResourcesBuildPhase;
			buildActionMask = 2147483647;
			files = (
				96C285611E076EFF00481834 /* Info.plist in Resources */,
				96C2855F1E076EFF00481834 /* Info-watch.plist in Resources */,
			);
			runOnlyForDeploymentPostprocessing = 0;
		};
/* End PBXResourcesBuildPhase section */

/* Begin PBXShellScriptBuildPhase section */
		1F04BC32C8D1A09A48C1A464 /* [CP] Copy Pods Resources */ = {
			isa = PBXShellScriptBuildPhase;
			buildActionMask = 2147483647;
			files = (
			);
			inputPaths = (
			);
			name = "[CP] Copy Pods Resources";
			outputPaths = (
			);
			runOnlyForDeploymentPostprocessing = 0;
			shellPath = /bin/sh;
			shellScript = "\"${SRCROOT}/Pods/Target Support Files/Pods-MOBCore_iOS/Pods-MOBCore_iOS-resources.sh\"\n";
			showEnvVarsInLog = 0;
		};
		5CF6C0BE6F91C3334752CAB9 /* [CP] Check Pods Manifest.lock */ = {
			isa = PBXShellScriptBuildPhase;
			buildActionMask = 2147483647;
			files = (
			);
			inputPaths = (
			);
			name = "[CP] Check Pods Manifest.lock";
			outputPaths = (
			);
			runOnlyForDeploymentPostprocessing = 0;
			shellPath = /bin/sh;
			shellScript = "diff \"${PODS_ROOT}/../Podfile.lock\" \"${PODS_ROOT}/Manifest.lock\" > /dev/null\nif [ $? != 0 ] ; then\n    # print error to STDERR\n    echo \"error: The sandbox is not in sync with the Podfile.lock. Run 'pod install' or update your CocoaPods installation.\" >&2\n    exit 1\nfi\n";
			showEnvVarsInLog = 0;
		};
		BE8C91D9D54B325E2AABCA3E /* [CP] Check Pods Manifest.lock */ = {
			isa = PBXShellScriptBuildPhase;
			buildActionMask = 2147483647;
			files = (
			);
			inputPaths = (
			);
			name = "[CP] Check Pods Manifest.lock";
			outputPaths = (
			);
			runOnlyForDeploymentPostprocessing = 0;
			shellPath = /bin/sh;
			shellScript = "diff \"${PODS_ROOT}/../Podfile.lock\" \"${PODS_ROOT}/Manifest.lock\" > /dev/null\nif [ $? != 0 ] ; then\n    # print error to STDERR\n    echo \"error: The sandbox is not in sync with the Podfile.lock. Run 'pod install' or update your CocoaPods installation.\" >&2\n    exit 1\nfi\n";
			showEnvVarsInLog = 0;
		};
		E8C06FAB2EC06814171E27A4 /* [CP] Copy Pods Resources */ = {
			isa = PBXShellScriptBuildPhase;
			buildActionMask = 2147483647;
			files = (
			);
			inputPaths = (
			);
			name = "[CP] Copy Pods Resources";
			outputPaths = (
			);
			runOnlyForDeploymentPostprocessing = 0;
			shellPath = /bin/sh;
			shellScript = "\"${SRCROOT}/Pods/Target Support Files/Pods-MOBCore_WatchOS/Pods-MOBCore_WatchOS-resources.sh\"\n";
			showEnvVarsInLog = 0;
		};
/* End PBXShellScriptBuildPhase section */

/* Begin PBXSourcesBuildPhase section */
		1EAFA0D31B6039D5001F3D84 /* Sources */ = {
			isa = PBXSourcesBuildPhase;
			buildActionMask = 2147483647;
			files = (
				96C285721E076EFF00481834 /* MOBReview.swift in Sources */,
			);
			runOnlyForDeploymentPostprocessing = 0;
		};
		960C9BB71E03BFAB00DB9484 /* Sources */ = {
			isa = PBXSourcesBuildPhase;
			buildActionMask = 2147483647;
			files = (
			);
			runOnlyForDeploymentPostprocessing = 0;
		};
/* End PBXSourcesBuildPhase section */

/* Begin XCBuildConfiguration section */
		1EAFA0EC1B6039D5001F3D84 /* Debug */ = {
			isa = XCBuildConfiguration;
			buildSettings = {
				ALWAYS_SEARCH_USER_PATHS = YES;
				APPLICATION_EXTENSION_API_ONLY = YES;
				CLANG_ALLOW_NON_MODULAR_INCLUDES_IN_FRAMEWORK_MODULES = NO;
				CLANG_CXX_LANGUAGE_STANDARD = "gnu++0x";
				CLANG_CXX_LIBRARY = "libc++";
				CLANG_ENABLE_MODULES = YES;
				CLANG_ENABLE_OBJC_ARC = YES;
				CLANG_WARN_BOOL_CONVERSION = YES;
				CLANG_WARN_CONSTANT_CONVERSION = YES;
				CLANG_WARN_DIRECT_OBJC_ISA_USAGE = YES_ERROR;
				CLANG_WARN_EMPTY_BODY = YES;
				CLANG_WARN_ENUM_CONVERSION = YES;
				CLANG_WARN_INFINITE_RECURSION = YES;
				CLANG_WARN_INT_CONVERSION = YES;
				CLANG_WARN_OBJC_ROOT_CLASS = YES_ERROR;
				CLANG_WARN_SUSPICIOUS_MOVE = YES;
				CLANG_WARN_UNREACHABLE_CODE = YES;
				CLANG_WARN__DUPLICATE_METHOD_MATCH = YES;
				"CODE_SIGN_IDENTITY[sdk=iphoneos*]" = "iPhone Developer";
				COPY_PHASE_STRIP = NO;
				CURRENT_PROJECT_VERSION = 1;
				DEBUG_INFORMATION_FORMAT = "dwarf-with-dsym";
				ENABLE_STRICT_OBJC_MSGSEND = YES;
				ENABLE_TESTABILITY = YES;
				GCC_C_LANGUAGE_STANDARD = gnu99;
				GCC_DYNAMIC_NO_PIC = NO;
				GCC_NO_COMMON_BLOCKS = YES;
				GCC_OPTIMIZATION_LEVEL = 0;
				GCC_PREFIX_HEADER = "";
				GCC_PREPROCESSOR_DEFINITIONS = (
					"DEBUG=1",
					"$(inherited)",
				);
				GCC_SYMBOLS_PRIVATE_EXTERN = NO;
				GCC_WARN_64_TO_32_BIT_CONVERSION = YES;
				GCC_WARN_ABOUT_RETURN_TYPE = YES_ERROR;
				GCC_WARN_UNDECLARED_SELECTOR = YES;
				GCC_WARN_UNINITIALIZED_AUTOS = YES_AGGRESSIVE;
				GCC_WARN_UNUSED_FUNCTION = YES;
				GCC_WARN_UNUSED_VARIABLE = YES;
				HEADER_SEARCH_PATHS = "$(inherited)";
				IPHONEOS_DEPLOYMENT_TARGET = 8.0;
				LIBRARY_SEARCH_PATHS = "";
				MACOSX_DEPLOYMENT_TARGET = 10.9;
				MTL_ENABLE_DEBUG_INFO = YES;
				ONLY_ACTIVE_ARCH = YES;
				OTHER_LDFLAGS = "";
				SDKROOT = iphoneos;
				SWIFT_INCLUDE_PATHS = "$(SRCROOT)/Modules";
				SWIFT_OPTIMIZATION_LEVEL = "-Onone";
				SWIFT_VERSION = 3.0;
				TARGETED_DEVICE_FAMILY = "1,2";
				VERSIONING_SYSTEM = "apple-generic";
				VERSION_INFO_PREFIX = "";
			};
			name = Debug;
		};
		1EAFA0ED1B6039D5001F3D84 /* Release */ = {
			isa = XCBuildConfiguration;
			buildSettings = {
				ALWAYS_SEARCH_USER_PATHS = YES;
				APPLICATION_EXTENSION_API_ONLY = YES;
				CLANG_ALLOW_NON_MODULAR_INCLUDES_IN_FRAMEWORK_MODULES = NO;
				CLANG_CXX_LANGUAGE_STANDARD = "gnu++0x";
				CLANG_CXX_LIBRARY = "libc++";
				CLANG_ENABLE_MODULES = YES;
				CLANG_ENABLE_OBJC_ARC = YES;
				CLANG_WARN_BOOL_CONVERSION = YES;
				CLANG_WARN_CONSTANT_CONVERSION = YES;
				CLANG_WARN_DIRECT_OBJC_ISA_USAGE = YES_ERROR;
				CLANG_WARN_EMPTY_BODY = YES;
				CLANG_WARN_ENUM_CONVERSION = YES;
				CLANG_WARN_INFINITE_RECURSION = YES;
				CLANG_WARN_INT_CONVERSION = YES;
				CLANG_WARN_OBJC_ROOT_CLASS = YES_ERROR;
				CLANG_WARN_SUSPICIOUS_MOVE = YES;
				CLANG_WARN_UNREACHABLE_CODE = YES;
				CLANG_WARN__DUPLICATE_METHOD_MATCH = YES;
				"CODE_SIGN_IDENTITY[sdk=iphoneos*]" = "iPhone Developer";
				COPY_PHASE_STRIP = NO;
				CURRENT_PROJECT_VERSION = 1;
				DEBUG_INFORMATION_FORMAT = "dwarf-with-dsym";
				ENABLE_NS_ASSERTIONS = NO;
				ENABLE_STRICT_OBJC_MSGSEND = YES;
				GCC_C_LANGUAGE_STANDARD = gnu99;
				GCC_NO_COMMON_BLOCKS = YES;
				GCC_PREFIX_HEADER = "";
				GCC_WARN_64_TO_32_BIT_CONVERSION = YES;
				GCC_WARN_ABOUT_RETURN_TYPE = YES_ERROR;
				GCC_WARN_UNDECLARED_SELECTOR = YES;
				GCC_WARN_UNINITIALIZED_AUTOS = YES_AGGRESSIVE;
				GCC_WARN_UNUSED_FUNCTION = YES;
				GCC_WARN_UNUSED_VARIABLE = YES;
				HEADER_SEARCH_PATHS = "$(inherited)";
				IPHONEOS_DEPLOYMENT_TARGET = 8.0;
				LIBRARY_SEARCH_PATHS = "";
				MACOSX_DEPLOYMENT_TARGET = 10.9;
				MTL_ENABLE_DEBUG_INFO = NO;
				OTHER_LDFLAGS = "";
				SDKROOT = iphoneos;
				SWIFT_INCLUDE_PATHS = "$(SRCROOT)/Modules";
				SWIFT_VERSION = 3.0;
				TARGETED_DEVICE_FAMILY = "1,2";
				VALIDATE_PRODUCT = YES;
				VERSIONING_SYSTEM = "apple-generic";
				VERSION_INFO_PREFIX = "";
			};
			name = Release;
		};
		1EAFA0EF1B6039D5001F3D84 /* Debug */ = {
			isa = XCBuildConfiguration;
			baseConfigurationReference = 091AAAE238FC4640326C5A66 /* Pods-MOBCore_iOS.debug.xcconfig */;
			buildSettings = {
				ALWAYS_SEARCH_USER_PATHS = NO;
				APPLICATION_EXTENSION_API_ONLY = NO;
				BITCODE_GENERATION_MODE = bitcode;
				CLANG_ALLOW_NON_MODULAR_INCLUDES_IN_FRAMEWORK_MODULES = NO;
				CLANG_ENABLE_MODULES = YES;
				"CODE_SIGN_IDENTITY[sdk=iphoneos*]" = "iPhone Developer";
				DEFINES_MODULE = YES;
				DEVELOPMENT_TEAM = NKQ4HJ66PX;
				DYLIB_COMPATIBILITY_VERSION = 1;
				DYLIB_CURRENT_VERSION = 1;
				DYLIB_INSTALL_NAME_BASE = "@rpath";
				ENABLE_BITCODE = NO;
				FRAMEWORK_SEARCH_PATHS = (
					"$(inherited)",
					"\"${PODS_ROOT}/GoogleToolboxForMac\"",
					"\"${PODS_ROOT}/FirebaseAnalytics/Frameworks/frameworks\"",
					"\"${PODS_ROOT}/FirebaseCore/Frameworks/frameworks\"",
					"\"${PODS_ROOT}/FirebaseInstanceID/Frameworks/frameworks\"",
					"\"${PODS_ROOT}/Google-Mobile-Ads-SDK/Frameworks\"",
					"\"${PODS_ROOT}/GoogleInterchangeUtilities/Frameworks/frameworks\"",
					"\"${PODS_ROOT}/GoogleSymbolUtilities/Frameworks/frameworks\"",
					"$(PROJECT_DIR)",
				);
				HEADER_SEARCH_PATHS = (
					"$(inherited)",
					"$(SRCROOT)/Library",
				);
				INFOPLIST_FILE = Sources/Info.plist;
				INSTALL_PATH = "$(LOCAL_LIBRARY_DIR)/Frameworks";
				LD_RUNPATH_SEARCH_PATHS = "$(inherited) @executable_path/Frameworks @loader_path/Frameworks";
				OTHER_CFLAGS = (
					"$(inherited)",
					"-iquote",
					"\"$PODS_CONFIGURATION_BUILD_DIR/GoogleToolboxForMac/GoogleToolboxForMac.framework/Headers\"",
					"-isystem",
					"\"${PODS_ROOT}/Headers/Public\"",
					"-isystem",
					"\"${PODS_ROOT}/Headers/Public/Firebase\"",
					"-isystem",
					"\"${PODS_ROOT}/Headers/Public/FirebaseAnalytics\"",
					"-isystem",
					"\"${PODS_ROOT}/Headers/Public/FirebaseCore\"",
					"-isystem",
					"\"${PODS_ROOT}/Headers/Public/FirebaseInstanceID\"",
					"-isystem",
					"\"${PODS_ROOT}/Headers/Public/Google-Mobile-Ads-SDK\"",
					"-isystem",
					"\"${PODS_ROOT}/Headers/Public/GoogleInterchangeUtilities\"",
					"-isystem",
					"\"${PODS_ROOT}/Headers/Public/GoogleSymbolUtilities\"",
					"-fembed-bitcode",
				);
				OTHER_LDFLAGS = "$(inherited)";
				PRODUCT_BUNDLE_IDENTIFIER = com.moballo.MOBReview;
				PRODUCT_NAME = "$(TARGET_NAME)";
				SKIP_INSTALL = YES;
				SWIFT_INCLUDE_PATHS = "";
				SWIFT_OPTIMIZATION_LEVEL = "-Onone";
				SWIFT_VERSION = 3.0;
			};
			name = Debug;
		};
		1EAFA0F01B6039D5001F3D84 /* Release */ = {
			isa = XCBuildConfiguration;
			baseConfigurationReference = ADDDC7AAFA454E0199F87B50 /* Pods-MOBCore_iOS.release.xcconfig */;
			buildSettings = {
				ALWAYS_SEARCH_USER_PATHS = NO;
				APPLICATION_EXTENSION_API_ONLY = NO;
				BITCODE_GENERATION_MODE = bitcode;
				CLANG_ALLOW_NON_MODULAR_INCLUDES_IN_FRAMEWORK_MODULES = NO;
				CLANG_ENABLE_MODULES = YES;
				"CODE_SIGN_IDENTITY[sdk=iphoneos*]" = "iPhone Developer";
				DEFINES_MODULE = YES;
				DEVELOPMENT_TEAM = NKQ4HJ66PX;
				DYLIB_COMPATIBILITY_VERSION = 1;
				DYLIB_CURRENT_VERSION = 1;
				DYLIB_INSTALL_NAME_BASE = "@rpath";
				ENABLE_BITCODE = NO;
				ENABLE_TESTABILITY = YES;
				FRAMEWORK_SEARCH_PATHS = (
					"$(inherited)",
					"\"${PODS_ROOT}/GoogleToolboxForMac\"",
					"\"${PODS_ROOT}/FirebaseAnalytics/Frameworks/frameworks\"",
					"\"${PODS_ROOT}/FirebaseCore/Frameworks/frameworks\"",
					"\"${PODS_ROOT}/FirebaseInstanceID/Frameworks/frameworks\"",
					"\"${PODS_ROOT}/Google-Mobile-Ads-SDK/Frameworks\"",
					"\"${PODS_ROOT}/GoogleInterchangeUtilities/Frameworks/frameworks\"",
					"\"${PODS_ROOT}/GoogleSymbolUtilities/Frameworks/frameworks\"",
					"$(PROJECT_DIR)",
				);
				HEADER_SEARCH_PATHS = (
					"$(inherited)",
					"$(SRCROOT)/Library",
				);
				INFOPLIST_FILE = Sources/Info.plist;
				INSTALL_PATH = "$(LOCAL_LIBRARY_DIR)/Frameworks";
				LD_RUNPATH_SEARCH_PATHS = "$(inherited) @executable_path/Frameworks @loader_path/Frameworks";
				OTHER_CFLAGS = (
					"$(inherited)",
					"-iquote",
					"\"$PODS_CONFIGURATION_BUILD_DIR/GoogleToolboxForMac/GoogleToolboxForMac.framework/Headers\"",
					"-isystem",
					"\"${PODS_ROOT}/Headers/Public\"",
					"-isystem",
					"\"${PODS_ROOT}/Headers/Public/Firebase\"",
					"-isystem",
					"\"${PODS_ROOT}/Headers/Public/FirebaseAnalytics\"",
					"-isystem",
					"\"${PODS_ROOT}/Headers/Public/FirebaseCore\"",
					"-isystem",
					"\"${PODS_ROOT}/Headers/Public/FirebaseInstanceID\"",
					"-isystem",
					"\"${PODS_ROOT}/Headers/Public/Google-Mobile-Ads-SDK\"",
					"-isystem",
					"\"${PODS_ROOT}/Headers/Public/GoogleInterchangeUtilities\"",
					"-isystem",
					"\"${PODS_ROOT}/Headers/Public/GoogleSymbolUtilities\"",
					"-fembed-bitcode",
				);
				OTHER_LDFLAGS = "$(inherited)";
				PRODUCT_BUNDLE_IDENTIFIER = com.moballo.MOBReview;
				PRODUCT_NAME = "$(TARGET_NAME)";
				SKIP_INSTALL = YES;
				SWIFT_INCLUDE_PATHS = "";
				SWIFT_OPTIMIZATION_LEVEL = "-Owholemodule";
				SWIFT_VERSION = 3.0;
			};
			name = Release;
		};
		960C9BC11E03BFAB00DB9484 /* Debug */ = {
			isa = XCBuildConfiguration;
			baseConfigurationReference = 6FF0981C502F11A9AF693738 /* Pods-MOBCore_WatchOS.debug.xcconfig */;
			buildSettings = {
				ALWAYS_SEARCH_USER_PATHS = NO;
				APPLICATION_EXTENSION_API_ONLY = YES;
				CLANG_ANALYZER_NONNULL = YES;
				CLANG_WARN_DOCUMENTATION_COMMENTS = YES;
				CODE_SIGN_IDENTITY = "";
				DEBUG_INFORMATION_FORMAT = dwarf;
				DEFINES_MODULE = YES;
				DEVELOPMENT_TEAM = NKQ4HJ66PX;
				DYLIB_COMPATIBILITY_VERSION = 1;
				DYLIB_CURRENT_VERSION = 1;
				DYLIB_INSTALL_NAME_BASE = "@rpath";
				INFOPLIST_FILE = "$(SRCROOT)/Sources/Info-watch.plist";
				INSTALL_PATH = "$(LOCAL_LIBRARY_DIR)/Frameworks";
				IPHONEOS_DEPLOYMENT_TARGET = 10.2;
				LD_RUNPATH_SEARCH_PATHS = "$(inherited) @executable_path/Frameworks @loader_path/Frameworks";
				PRODUCT_BUNDLE_IDENTIFIER = com.moballo.MOBCore;
				PRODUCT_NAME = "$(TARGET_NAME)";
				SDKROOT = watchos;
				SKIP_INSTALL = YES;
				SWIFT_ACTIVE_COMPILATION_CONDITIONS = DEBUG;
				SWIFT_VERSION = 3.0;
				WATCHOS_DEPLOYMENT_TARGET = 2.0;
			};
			name = Debug;
		};
		960C9BC21E03BFAB00DB9484 /* Release */ = {
			isa = XCBuildConfiguration;
			baseConfigurationReference = 37D07EEA3632BCB84C45AABA /* Pods-MOBCore_WatchOS.release.xcconfig */;
			buildSettings = {
				ALWAYS_SEARCH_USER_PATHS = NO;
				APPLICATION_EXTENSION_API_ONLY = YES;
				CLANG_ANALYZER_NONNULL = YES;
				CLANG_WARN_DOCUMENTATION_COMMENTS = YES;
				CODE_SIGN_IDENTITY = "";
				DEFINES_MODULE = YES;
				DEVELOPMENT_TEAM = NKQ4HJ66PX;
				DYLIB_COMPATIBILITY_VERSION = 1;
				DYLIB_CURRENT_VERSION = 1;
				DYLIB_INSTALL_NAME_BASE = "@rpath";
				INFOPLIST_FILE = "$(SRCROOT)/Sources/Info-watch.plist";
				INSTALL_PATH = "$(LOCAL_LIBRARY_DIR)/Frameworks";
				IPHONEOS_DEPLOYMENT_TARGET = 10.2;
				LD_RUNPATH_SEARCH_PATHS = "$(inherited) @executable_path/Frameworks @loader_path/Frameworks";
				PRODUCT_BUNDLE_IDENTIFIER = com.moballo.MOBCore;
				PRODUCT_NAME = "$(TARGET_NAME)";
				SDKROOT = watchos;
				SKIP_INSTALL = YES;
				SWIFT_OPTIMIZATION_LEVEL = "-Owholemodule";
				SWIFT_VERSION = 3.0;
				WATCHOS_DEPLOYMENT_TARGET = 2.0;
			};
			name = Release;
		};
/* End XCBuildConfiguration section */

/* Begin XCConfigurationList section */
		1EAFA0D21B6039D5001F3D84 /* Build configuration list for PBXProject "MOBReview" */ = {
			isa = XCConfigurationList;
			buildConfigurations = (
				1EAFA0EC1B6039D5001F3D84 /* Debug */,
				1EAFA0ED1B6039D5001F3D84 /* Release */,
			);
			defaultConfigurationIsVisible = 0;
			defaultConfigurationName = Release;
		};
		1EAFA0EE1B6039D5001F3D84 /* Build configuration list for PBXNativeTarget "MOBReview_iOS" */ = {
			isa = XCConfigurationList;
			buildConfigurations = (
				1EAFA0EF1B6039D5001F3D84 /* Debug */,
				1EAFA0F01B6039D5001F3D84 /* Release */,
			);
			defaultConfigurationIsVisible = 0;
			defaultConfigurationName = Release;
		};
		960C9BC31E03BFAB00DB9484 /* Build configuration list for PBXNativeTarget "MOBReview_WatchOS" */ = {
			isa = XCConfigurationList;
			buildConfigurations = (
				960C9BC11E03BFAB00DB9484 /* Debug */,
				960C9BC21E03BFAB00DB9484 /* Release */,
			);
			defaultConfigurationIsVisible = 0;
			defaultConfigurationName = Release;
		};
/* End XCConfigurationList section */
	};
	rootObject = 1EAFA0CF1B6039D5001F3D84 /* Project object */;
}
